
Microsoft Visual Studio Solution File, Format Version 12.00
# Visual Studio Version 17
VisualStudioVersion = 17.0.31903.59
MinimumVisualStudioVersion = 10.0.40219.1
Project("{FAE04EC0-301F-11D3-BF4B-00C04F79EFBC}") = "ScriptManagerExtended", "ScriptManagerExtended.csproj", "{D7C0723C-C8E4-42E5-BB3D-5ACFC7F9BCBC}"
EndProject
Global
	GlobalSection(SolutionConfigurationPlatforms) = preSolution
		Debug|Any CPU = Debug|Any CPU
		Release|Any CPU = Release|Any CPU
	EndGlobalSection
	GlobalSection(SolutionProperties) = preSolution
		HideSolutionNode = FALSE
	EndGlobalSection
	GlobalSection(ProjectConfigurationPlatforms) = postSolution
		{27CB681C-2A0D-4A3E-B13C-67BEAE651B0A}.Debug|Any CPU.ActiveCfg = Debug|Any CPU
		{27CB681C-2A0D-4A3E-B13C-67BEAE651B0A}.Debug|Any CPU.Build.0 = Debug|Any CPU
		{27CB681C-2A0D-4A3E-B13C-67BEAE651B0A}.Release|Any CPU.ActiveCfg = Release|Any CPU
		{27CB681C-2A0D-4A3E-B13C-67BEAE651B0A}.Release|Any CPU.Build.0 = Release|Any CPU
		{D7C0723C-C8E4-42E5-BB3D-5ACFC7F9BCBC}.Debug|Any CPU.ActiveCfg = Debug|Any CPU
		{D7C0723C-C8E4-42E5-BB3D-5ACFC7F9BCBC}.Debug|Any CPU.Build.0 = Debug|Any CPU
		{D7C0723C-C8E4-42E5-BB3D-5ACFC7F9BCBC}.Release|Any CPU.ActiveCfg = Release|Any CPU
		{D7C0723C-C8E4-42E5-BB3D-5ACFC7F9BCBC}.Release|Any CPU.Build.0 = Release|Any CPU
	EndGlobalSection
EndGlobal
